
Microsoft Visual Studio Solution File, Format Version 12.00
# Visual Studio Version 17
VisualStudioVersion = 17.9.34723.18
MinimumVisualStudioVersion = 10.0.40219.1
Project("{FAE04EC0-301F-11D3-BF4B-00C04F79EFBC}") = "Practica#4-API", "Practica#4-API\Practica#4-API.csproj", "{8D1345CD-3181-4312-A0E7-2E1F36BD6BEF}"
EndProject
Global
	GlobalSection(SolutionConfigurationPlatforms) = preSolution
		Debug|Any CPU = Debug|Any CPU
		Release|Any CPU = Release|Any CPU
	EndGlobalSection
	GlobalSection(ProjectConfigurationPlatforms) = postSolution
		{8D1345CD-3181-4312-A0E7-2E1F36BD6BEF}.Debug|Any CPU.ActiveCfg = Debug|Any CPU
		{8D1345CD-3181-4312-A0E7-2E1F36BD6BEF}.Debug|Any CPU.Build.0 = Debug|Any CPU
		{8D1345CD-3181-4312-A0E7-2E1F36BD6BEF}.Release|Any CPU.ActiveCfg = Release|Any CPU
		{8D1345CD-3181-4312-A0E7-2E1F36BD6BEF}.Release|Any CPU.Build.0 = Release|Any CPU
	EndGlobalSection
	GlobalSection(SolutionProperties) = preSolution
		HideSolutionNode = FALSE
	EndGlobalSection
	GlobalSection(ExtensibilityGlobals) = postSolution
		SolutionGuid = {186E3560-543D-45F2-82B2-F88F1EBD5AB6}
	EndGlobalSection
EndGlobal
